{
  "object": {
    "pins": [
      {
        "package": "SoundIO",
        "repositoryURL": "https://github.com/thara/SoundIO.git",
        "state": {
          "branch": null,
          "revision": "35a99fd182a64a35f8af32833da4923d5ef7e7f8",
          "version": "0.3.3"
        }
      },
      {
        "package": "swift-collections",
        "repositoryURL": "https://github.com/apple/swift-collections.git",
        "state": {
          "branch": null,
          "revision": "9d8719c8bebdc79740b6969c912ac706eb721d7a",
          "version": "0.0.7"
        }
      }
    ]
  },
  "version": 1
}
